// !$*UTF8*$!
{
	archiveVersion = 1;
	classes = {
	};
	objectVersion = 56;
	objects = {

/* Begin PBXBuildFile section */
		AF3ED4A42CC34D9B004CB1B7 /* TASShoppingApp.swift in Sources */ = {isa = PBXBuildFile; fileRef = AF3ED4A32CC34D9B004CB1B7 /* TASShoppingApp.swift */; };
		AF3ED4A62CC34D9B004CB1B7 /* TASContentView.swift in Sources */ = {isa = PBXBuildFile; fileRef = AF3ED4A52CC34D9B004CB1B7 /* TASContentView.swift */; };
		AF3ED4A82CC34D9D004CB1B7 /* Assets.xcassets in Resources */ = {isa = PBXBuildFile; fileRef = AF3ED4A72CC34D9D004CB1B7 /* Assets.xcassets */; };
		AF3ED4AB2CC34D9D004CB1B7 /* Preview Assets.xcassets in Resources */ = {isa = PBXBuildFile; fileRef = AF3ED4AA2CC34D9D004CB1B7 /* Preview Assets.xcassets */; };
		AF3ED4B42CC34E6C004CB1B7 /* TASImageView.swift in Sources */ = {isa = PBXBuildFile; fileRef = AF3ED4B32CC34E6C004CB1B7 /* TASImageView.swift */; };
		AF3ED4BC2CC42407004CB1B7 /* GroceryStoreModel.swift in Sources */ = {isa = PBXBuildFile; fileRef = AF3ED4BB2CC42407004CB1B7 /* GroceryStoreModel.swift */; };
		AF3ED4C12CC4DAED004CB1B7 /* TASAddStoreView.swift in Sources */ = {isa = PBXBuildFile; fileRef = AF3ED4C02CC4DAED004CB1B7 /* TASAddStoreView.swift */; };
		AF3ED4C32CC4DB45004CB1B7 /* TASGroceryListView.swift in Sources */ = {isa = PBXBuildFile; fileRef = AF3ED4C22CC4DB45004CB1B7 /* TASGroceryListView.swift */; };
/* End PBXBuildFile section */

/* Begin PBXFileReference section */
		AF3ED4A02CC34D9B004CB1B7 /* TASShopping.app */ = {isa = PBXFileReference; explicitFileType = wrapper.application; includeInIndex = 0; path = TASShopping.app; sourceTree = BUILT_PRODUCTS_DIR; };
		AF3ED4A32CC34D9B004CB1B7 /* TASShoppingApp.swift */ = {isa = PBXFileReference; lastKnownFileType = sourcecode.swift; path = TASShoppingApp.swift; sourceTree = "<group>"; };
		AF3ED4A52CC34D9B004CB1B7 /* TASContentView.swift */ = {isa = PBXFileReference; lastKnownFileType = sourcecode.swift; path = TASContentView.swift; sourceTree = "<group>"; };
		AF3ED4A72CC34D9D004CB1B7 /* Assets.xcassets */ = {isa = PBXFileReference; lastKnownFileType = folder.assetcatalog; path = Assets.xcassets; sourceTree = "<group>"; };
		AF3ED4AA2CC34D9D004CB1B7 /* Preview Assets.xcassets */ = {isa = PBXFileReference; lastKnownFileType = folder.assetcatalog; path = "Preview Assets.xcassets"; sourceTree = "<group>"; };
		AF3ED4B32CC34E6C004CB1B7 /* TASImageView.swift */ = {isa = PBXFileReference; lastKnownFileType = sourcecode.swift; path = TASImageView.swift; sourceTree = "<group>"; };
		AF3ED4BB2CC42407004CB1B7 /* GroceryStoreModel.swift */ = {isa = PBXFileReference; lastKnownFileType = sourcecode.swift; path = GroceryStoreModel.swift; sourceTree = "<group>"; };
		AF3ED4BD2CC442E8004CB1B7 /* Info.plist */ = {isa = PBXFileReference; lastKnownFileType = text.plist; path = Info.plist; sourceTree = "<group>"; };
		AF3ED4C02CC4DAED004CB1B7 /* TASAddStoreView.swift */ = {isa = PBXFileReference; lastKnownFileType = sourcecode.swift; path = TASAddStoreView.swift; sourceTree = "<group>"; };
		AF3ED4C22CC4DB45004CB1B7 /* TASGroceryListView.swift */ = {isa = PBXFileReference; lastKnownFileType = sourcecode.swift; path = TASGroceryListView.swift; sourceTree = "<group>"; };
/* End PBXFileReference section */

/* Begin PBXFrameworksBuildPhase section */
		AF3ED49D2CC34D9B004CB1B7 /* Frameworks */ = {
			isa = PBXFrameworksBuildPhase;
			buildActionMask = 2147483647;
			files = (
			);
			runOnlyForDeploymentPostprocessing = 0;
		};
/* End PBXFrameworksBuildPhase section */

/* Begin PBXGroup section */
		AF3ED4972CC34D9B004CB1B7 = {
			isa = PBXGroup;
			children = (
				AF3ED4A22CC34D9B004CB1B7 /* TASShopping */,
				AF3ED4A12CC34D9B004CB1B7 /* Products */,
			);
			sourceTree = "<group>";
		};
		AF3ED4A12CC34D9B004CB1B7 /* Products */ = {
			isa = PBXGroup;
			children = (
				AF3ED4A02CC34D9B004CB1B7 /* TASShopping.app */,
			);
			name = Products;
			sourceTree = "<group>";
		};
		AF3ED4A22CC34D9B004CB1B7 /* TASShopping */ = {
			isa = PBXGroup;
			children = (
				AF3ED4BD2CC442E8004CB1B7 /* Info.plist */,
				AF3ED4A32CC34D9B004CB1B7 /* TASShoppingApp.swift */,
				AF3ED4A52CC34D9B004CB1B7 /* TASContentView.swift */,
				AF3ED4B32CC34E6C004CB1B7 /* TASImageView.swift */,
				AF3ED4C02CC4DAED004CB1B7 /* TASAddStoreView.swift */,
				AF3ED4C22CC4DB45004CB1B7 /* TASGroceryListView.swift */,
				AF3ED4BB2CC42407004CB1B7 /* GroceryStoreModel.swift */,
				AF3ED4A72CC34D9D004CB1B7 /* Assets.xcassets */,
				AF3ED4A92CC34D9D004CB1B7 /* Preview Content */,
			);
			path = TASShopping;
			sourceTree = "<group>";
		};
		AF3ED4A92CC34D9D004CB1B7 /* Preview Content */ = {
			isa = PBXGroup;
			children = (
				AF3ED4AA2CC34D9D004CB1B7 /* Preview Assets.xcassets */,
			);
			path = "Preview Content";
			sourceTree = "<group>";
		};
/* End PBXGroup section */

/* Begin PBXNativeTarget section */
		AF3ED49F2CC34D9B004CB1B7 /* TASShopping */ = {
			isa = PBXNativeTarget;
			buildConfigurationList = AF3ED4AE2CC34D9D004CB1B7 /* Build configuration list for PBXNativeTarget "TASShopping" */;
			buildPhases = (
				AF3ED49C2CC34D9B004CB1B7 /* Sources */,
				AF3ED49D2CC34D9B004CB1B7 /* Frameworks */,
				AF3ED49E2CC34D9B004CB1B7 /* Resources */,
			);
			buildRules = (
			);
			dependencies = (
			);
			name = TASShopping;
			productName = TASShopping;
			productReference = AF3ED4A02CC34D9B004CB1B7 /* TASShopping.app */;
			productType = "com.apple.product-type.application";
		};
/* End PBXNativeTarget section */

/* Begin PBXProject section */
		AF3ED4982CC34D9B004CB1B7 /* Project object */ = {
			isa = PBXProject;
			attributes = {
				BuildIndependentTargetsInParallel = 1;
				LastSwiftUpdateCheck = 1540;
				LastUpgradeCheck = 1540;
				TargetAttributes = {
					AF3ED49F2CC34D9B004CB1B7 = {
						CreatedOnToolsVersion = 15.4;
					};
				};
			};
			buildConfigurationList = AF3ED49B2CC34D9B004CB1B7 /* Build configuration list for PBXProject "TASShopping" */;
			compatibilityVersion = "Xcode 14.0";
			developmentRegion = en;
			hasScannedForEncodings = 0;
			knownRegions = (
				en,
				Base,
			);
			mainGroup = AF3ED4972CC34D9B004CB1B7;
			productRefGroup = AF3ED4A12CC34D9B004CB1B7 /* Products */;
			projectDirPath = "";
			projectRoot = "";
			targets = (
				AF3ED49F2CC34D9B004CB1B7 /* TASShopping */,
			);
		};
/* End PBXProject section */

/* Begin PBXResourcesBuildPhase section */
		AF3ED49E2CC34D9B004CB1B7 /* Resources */ = {
			isa = PBXResourcesBuildPhase;
			buildActionMask = 2147483647;
			files = (
				AF3ED4AB2CC34D9D004CB1B7 /* Preview Assets.xcassets in Resources */,
				AF3ED4A82CC34D9D004CB1B7 /* Assets.xcassets in Resources */,
			);
			runOnlyForDeploymentPostprocessing = 0;
		};
/* End PBXResourcesBuildPhase section */

/* Begin PBXSourcesBuildPhase section */
		AF3ED49C2CC34D9B004CB1B7 /* Sources */ = {
			isa = PBXSourcesBuildPhase;
			buildActionMask = 2147483647;
			files = (
				AF3ED4A62CC34D9B004CB1B7 /* TASContentView.swift in Sources */,
				AF3ED4C32CC4DB45004CB1B7 /* TASGroceryListView.swift in Sources */,
				AF3ED4A42CC34D9B004CB1B7 /* TASShoppingApp.swift in Sources */,
				AF3ED4C12CC4DAED004CB1B7 /* TASAddStoreView.swift in Sources */,
				AF3ED4BC2CC42407004CB1B7 /* GroceryStoreModel.swift in Sources */,
				AF3ED4B42CC34E6C004CB1B7 /* TASImageView.swift in Sources */,
			);
			runOnlyForDeploymentPostprocessing = 0;
		};
/* End PBXSourcesBuildPhase section */

/* Begin XCBuildConfiguration section */
		AF3ED4AC2CC34D9D004CB1B7 /* Debug */ = {
			isa = XCBuildConfiguration;
			buildSettings = {
				ALWAYS_SEARCH_USER_PATHS = NO;
				ASSETCATALOG_COMPILER_GENERATE_SWIFT_ASSET_SYMBOL_EXTENSIONS = YES;
				CLANG_ANALYZER_NONNULL = YES;
				CLANG_ANALYZER_NUMBER_OBJECT_CONVERSION = YES_AGGRESSIVE;
				CLANG_CXX_LANGUAGE_STANDARD = "gnu++20";
				CLANG_ENABLE_MODULES = YES;
				CLANG_ENABLE_OBJC_ARC = YES;
				CLANG_ENABLE_OBJC_WEAK = YES;
				CLANG_WARN_BLOCK_CAPTURE_AUTORELEASING = YES;
				CLANG_WARN_BOOL_CONVERSION = YES;
				CLANG_WARN_COMMA = YES;
				CLANG_WARN_CONSTANT_CONVERSION = YES;
				CLANG_WARN_DEPRECATED_OBJC_IMPLEMENTATIONS = YES;
				CLANG_WARN_DIRECT_OBJC_ISA_USAGE = YES_ERROR;
				CLANG_WARN_DOCUMENTATION_COMMENTS = YES;
				CLANG_WARN_EMPTY_BODY = YES;
				CLANG_WARN_ENUM_CONVERSION = YES;
				CLANG_WARN_INFINITE_RECURSION = YES;
				CLANG_WARN_INT_CONVERSION = YES;
				CLANG_WARN_NON_LITERAL_NULL_CONVERSION = YES;
				CLANG_WARN_OBJC_IMPLICIT_RETAIN_SELF = YES;
				CLANG_WARN_OBJC_LITERAL_CONVERSION = YES;
				CLANG_WARN_OBJC_ROOT_CLASS = YES_ERROR;
				CLANG_WARN_QUOTED_INCLUDE_IN_FRAMEWORK_HEADER = YES;
				CLANG_WARN_RANGE_LOOP_ANALYSIS = YES;
				CLANG_WARN_STRICT_PROTOTYPES = YES;
				CLANG_WARN_SUSPICIOUS_MOVE = YES;
				CLANG_WARN_UNGUARDED_AVAILABILITY = YES_AGGRESSIVE;
				CLANG_WARN_UNREACHABLE_CODE = YES;
				CLANG_WARN__DUPLICATE_METHOD_MATCH = YES;
				COPY_PHASE_STRIP = NO;
				DEBUG_INFORMATION_FORMAT = dwarf;
				ENABLE_STRICT_OBJC_MSGSEND = YES;
				ENABLE_TESTABILITY = YES;
				ENABLE_USER_SCRIPT_SANDBOXING = YES;
				GCC_C_LANGUAGE_STANDARD = gnu17;
				GCC_DYNAMIC_NO_PIC = NO;
				GCC_NO_COMMON_BLOCKS = YES;
				GCC_OPTIMIZATION_LEVEL = 0;
				GCC_PREPROCESSOR_DEFINITIONS = (
					"DEBUG=1",
					"$(inherited)",
				);
				GCC_WARN_64_TO_32_BIT_CONVERSION = YES;
				GCC_WARN_ABOUT_RETURN_TYPE = YES_ERROR;
				GCC_WARN_UNDECLARED_SELECTOR = YES;
				GCC_WARN_UNINITIALIZED_AUTOS = YES_AGGRESSIVE;
				GCC_WARN_UNUSED_FUNCTION = YES;
				GCC_WARN_UNUSED_VARIABLE = YES;
				IPHONEOS_DEPLOYMENT_TARGET = 17.5;
				LOCALIZATION_PREFERS_STRING_CATALOGS = YES;
				MTL_ENABLE_DEBUG_INFO = INCLUDE_SOURCE;
				MTL_FAST_MATH = YES;
				ONLY_ACTIVE_ARCH = YES;
				SDKROOT = iphoneos;
				SWIFT_ACTIVE_COMPILATION_CONDITIONS = "DEBUG $(inherited)";
				SWIFT_OPTIMIZATION_LEVEL = "-Onone";
			};
			name = Debug;
		};
		AF3ED4AD2CC34D9D004CB1B7 /* Release */ = {
			isa = XCBuildConfiguration;
			buildSettings = {
				ALWAYS_SEARCH_USER_PATHS = NO;
				ASSETCATALOG_COMPILER_GENERATE_SWIFT_ASSET_SYMBOL_EXTENSIONS = YES;
				CLANG_ANALYZER_NONNULL = YES;
				CLANG_ANALYZER_NUMBER_OBJECT_CONVERSION = YES_AGGRESSIVE;
				CLANG_CXX_LANGUAGE_STANDARD = "gnu++20";
				CLANG_ENABLE_MODULES = YES;
				CLANG_ENABLE_OBJC_ARC = YES;
				CLANG_ENABLE_OBJC_WEAK = YES;
				CLANG_WARN_BLOCK_CAPTURE_AUTORELEASING = YES;
				CLANG_WARN_BOOL_CONVERSION = YES;
				CLANG_WARN_COMMA = YES;
				CLANG_WARN_CONSTANT_CONVERSION = YES;
				CLANG_WARN_DEPRECATED_OBJC_IMPLEMENTATIONS = YES;
				CLANG_WARN_DIRECT_OBJC_ISA_USAGE = YES_ERROR;
				CLANG_WARN_DOCUMENTATION_COMMENTS = YES;
				CLANG_WARN_EMPTY_BODY = YES;
				CLANG_WARN_ENUM_CONVERSION = YES;
				CLANG_WARN_INFINITE_RECURSION = YES;
				CLANG_WARN_INT_CONVERSION = YES;
				CLANG_WARN_NON_LITERAL_NULL_CONVERSION = YES;
				CLANG_WARN_OBJC_IMPLICIT_RETAIN_SELF = YES;
				CLANG_WARN_OBJC_LITERAL_CONVERSION = YES;
				CLANG_WARN_OBJC_ROOT_CLASS = YES_ERROR;
				CLANG_WARN_QUOTED_INCLUDE_IN_FRAMEWORK_HEADER = YES;
				CLANG_WARN_RANGE_LOOP_ANALYSIS = YES;
				CLANG_WARN_STRICT_PROTOTYPES = YES;
				CLANG_WARN_SUSPICIOUS_MOVE = YES;
				CLANG_WARN_UNGUARDED_AVAILABILITY = YES_AGGRESSIVE;
				CLANG_WARN_UNREACHABLE_CODE = YES;
				CLANG_WARN__DUPLICATE_METHOD_MATCH = YES;
				COPY_PHASE_STRIP = NO;
				DEBUG_INFORMATION_FORMAT = "dwarf-with-dsym";
				ENABLE_NS_ASSERTIONS = NO;
				ENABLE_STRICT_OBJC_MSGSEND = YES;
				ENABLE_USER_SCRIPT_SANDBOXING = YES;
				GCC_C_LANGUAGE_STANDARD = gnu17;
				GCC_NO_COMMON_BLOCKS = YES;
				GCC_WARN_64_TO_32_BIT_CONVERSION = YES;
				GCC_WARN_ABOUT_RETURN_TYPE = YES_ERROR;
				GCC_WARN_UNDECLARED_SELECTOR = YES;
				GCC_WARN_UNINITIALIZED_AUTOS = YES_AGGRESSIVE;
				GCC_WARN_UNUSED_FUNCTION = YES;
				GCC_WARN_UNUSED_VARIABLE = YES;
				IPHONEOS_DEPLOYMENT_TARGET = 17.5;
				LOCALIZATION_PREFERS_STRING_CATALOGS = YES;
				MTL_ENABLE_DEBUG_INFO = NO;
				MTL_FAST_MATH = YES;
				SDKROOT = iphoneos;
				SWIFT_COMPILATION_MODE = wholemodule;
				VALIDATE_PRODUCT = YES;
			};
			name = Release;
		};
		AF3ED4AF2CC34D9D004CB1B7 /* Debug */ = {
			isa = XCBuildConfiguration;
			buildSettings = {
				ASSETCATALOG_COMPILER_APPICON_NAME = AppIcon;
				ASSETCATALOG_COMPILER_GLOBAL_ACCENT_COLOR_NAME = AccentColor;
				CODE_SIGN_STYLE = Automatic;
				CURRENT_PROJECT_VERSION = 1;
				DEVELOPMENT_ASSET_PATHS = "\"TASShopping/Preview Content\"";
				DEVELOPMENT_TEAM = MB6H4MP6CL;
				ENABLE_PREVIEWS = YES;
				GENERATE_INFOPLIST_FILE = YES;
				INFOPLIST_FILE = TASShopping/Info.plist;
				INFOPLIST_KEY_NSLocationWhenInUseUsageDescription = "This app may need to use your device to location a grocery store.";
				INFOPLIST_KEY_UIApplicationSceneManifest_Generation = YES;
				INFOPLIST_KEY_UIApplicationSupportsIndirectInputEvents = YES;
				INFOPLIST_KEY_UILaunchScreen_Generation = YES;
				INFOPLIST_KEY_UISupportedInterfaceOrientations_iPad = "UIInterfaceOrientationPortrait UIInterfaceOrientationPortraitUpsideDown UIInterfaceOrientationLandscapeLeft UIInterfaceOrientationLandscapeRight";
				INFOPLIST_KEY_UISupportedInterfaceOrientations_iPhone = "UIInterfaceOrientationPortrait UIInterfaceOrientationLandscapeLeft UIInterfaceOrientationLandscapeRight";
				LD_RUNPATH_SEARCH_PATHS = (
					"$(inherited)",
					"@executable_path/Frameworks",
				);
				MARKETING_VERSION = 1.0;
				PRODUCT_BUNDLE_IDENTIFIER = me.Oculus.Meta.TASShopping;
				PRODUCT_NAME = "$(TARGET_NAME)";
				SWIFT_EMIT_LOC_STRINGS = YES;
				SWIFT_VERSION = 5.0;
				TARGETED_DEVICE_FAMILY = "1,2";
			};
			name = Debug;
		};
		AF3ED4B02CC34D9D004CB1B7 /* Release */ = {
			isa = XCBuildConfiguration;
			buildSettings = {
				ASSETCATALOG_COMPILER_APPICON_NAME = AppIcon;
				ASSETCATALOG_COMPILER_GLOBAL_ACCENT_COLOR_NAME = AccentColor;
				CODE_SIGN_STYLE = Automatic;
				CURRENT_PROJECT_VERSION = 1;
				DEVELOPMENT_ASSET_PATHS = "\"TASShopping/Preview Content\"";
				DEVELOPMENT_TEAM = MB6H4MP6CL;
				ENABLE_PREVIEWS = YES;
				GENERATE_INFOPLIST_FILE = YES;
				INFOPLIST_FILE = TASShopping/Info.plist;
				INFOPLIST_KEY_NSLocationWhenInUseUsageDescription = "This app may need to use your device to location a grocery store.";
				INFOPLIST_KEY_UIApplicationSceneManifest_Generation = YES;
				INFOPLIST_KEY_UIApplicationSupportsIndirectInputEvents = YES;
				INFOPLIST_KEY_UILaunchScreen_Generation = YES;
				INFOPLIST_KEY_UISupportedInterfaceOrientations_iPad = "UIInterfaceOrientationPortrait UIInterfaceOrientationPortraitUpsideDown UIInterfaceOrientationLandscapeLeft UIInterfaceOrientationLandscapeRight";
				INFOPLIST_KEY_UISupportedInterfaceOrientations_iPhone = "UIInterfaceOrientationPortrait UIInterfaceOrientationLandscapeLeft UIInterfaceOrientationLandscapeRight";
				LD_RUNPATH_SEARCH_PATHS = (
					"$(inherited)",
					"@executable_path/Frameworks",
				);
				MARKETING_VERSION = 1.0;
				PRODUCT_BUNDLE_IDENTIFIER = me.Oculus.Meta.TASShopping;
				PRODUCT_NAME = "$(TARGET_NAME)";
				SWIFT_EMIT_LOC_STRINGS = YES;
				SWIFT_VERSION = 5.0;
				TARGETED_DEVICE_FAMILY = "1,2";
			};
			name = Release;
		};
/* End XCBuildConfiguration section */

/* Begin XCConfigurationList section */
		AF3ED49B2CC34D9B004CB1B7 /* Build configuration list for PBXProject "TASShopping" */ = {
			isa = XCConfigurationList;
			buildConfigurations = (
				AF3ED4AC2CC34D9D004CB1B7 /* Debug */,
				AF3ED4AD2CC34D9D004CB1B7 /* Release */,
			);
			defaultConfigurationIsVisible = 0;
			defaultConfigurationName = Release;
		};
		AF3ED4AE2CC34D9D004CB1B7 /* Build configuration list for PBXNativeTarget "TASShopping" */ = {
			isa = XCConfigurationList;
			buildConfigurations = (
				AF3ED4AF2CC34D9D004CB1B7 /* Debug */,
				AF3ED4B02CC34D9D004CB1B7 /* Release */,
			);
			defaultConfigurationIsVisible = 0;
			defaultConfigurationName = Release;
		};
/* End XCConfigurationList section */
	};
	rootObject = AF3ED4982CC34D9B004CB1B7 /* Project object */;
}
